// !$*UTF8*$!
{
	archiveVersion = 1;
	classes = {
	};
	objectVersion = 77;
	objects = {

/* Begin PBXBuildFile section */
		738380D9F968414DE0200313 /* HelloWorldApp.swift in Sources */ = {isa = PBXBuildFile; fileRef = 1BDA60158ED02D21601286C9 /* HelloWorldApp.swift */; };
		7A49C8EA1715876707D13B6B /* HelloWorldServer.swift in Sources */ = {isa = PBXBuildFile; fileRef = 26EBA225F4EC19981F7C3893 /* HelloWorldServer.swift */; };
		B6A4BAAF3B710F306CEBD9CB /* SwiftCoreWebDashboard in Frameworks */ = {isa = PBXBuildFile; productRef = 67BF1BD377C0EC253FB16CE5 /* SwiftCoreWebDashboard */; };
		C9FA5B7BFDCD312EAE5F8907 /* HelloWorldRootView.swift in Sources */ = {isa = PBXBuildFile; fileRef = 3AF8817E5275920A74C5CB61 /* HelloWorldRootView.swift */; };
		D979496EDE3931D1DAD2B9C1 /* SwiftCoreWeb in Frameworks */ = {isa = PBXBuildFile; productRef = B5D16D529B7737532A79329C /* SwiftCoreWeb */; };
		F2BE53891EF1F7FE4A355959 /* www in Resources */ = {isa = PBXBuildFile; fileRef = 60008E75C10468058C6CFB6B /* www */; };
/* End PBXBuildFile section */

/* Begin PBXFileReference section */
		1BDA60158ED02D21601286C9 /* HelloWorldApp.swift */ = {isa = PBXFileReference; lastKnownFileType = sourcecode.swift; path = HelloWorldApp.swift; sourceTree = "<group>"; };
		26EBA225F4EC19981F7C3893 /* HelloWorldServer.swift */ = {isa = PBXFileReference; lastKnownFileType = sourcecode.swift; path = HelloWorldServer.swift; sourceTree = "<group>"; };
		2C3722B1F864A52E959CA8E4 /* HelloWorldApp.app */ = {isa = PBXFileReference; includeInIndex = 0; lastKnownFileType = wrapper.application; path = HelloWorldApp.app; sourceTree = BUILT_PRODUCTS_DIR; };
		3AF8817E5275920A74C5CB61 /* HelloWorldRootView.swift */ = {isa = PBXFileReference; lastKnownFileType = sourcecode.swift; path = HelloWorldRootView.swift; sourceTree = "<group>"; };
		60008E75C10468058C6CFB6B /* www */ = {isa = PBXFileReference; lastKnownFileType = folder; path = www; sourceTree = SOURCE_ROOT; };
		956416AE7E3A25D3212570F2 /* SwiftCoreWeb */ = {isa = PBXFileReference; lastKnownFileType = folder; name = SwiftCoreWeb; path = ../..; sourceTree = SOURCE_ROOT; };
/* End PBXFileReference section */

/* Begin PBXFrameworksBuildPhase section */
		16A0A774DFC5BF333A11CA92 /* Frameworks */ = {
			isa = PBXFrameworksBuildPhase;
			buildActionMask = 2147483647;
			files = (
				D979496EDE3931D1DAD2B9C1 /* SwiftCoreWeb in Frameworks */,
				B6A4BAAF3B710F306CEBD9CB /* SwiftCoreWebDashboard in Frameworks */,
			);
			runOnlyForDeploymentPostprocessing = 0;
		};
/* End PBXFrameworksBuildPhase section */

/* Begin PBXGroup section */
		009ABA45E36D902AE882EA53 /* Products */ = {
			isa = PBXGroup;
			children = (
				2C3722B1F864A52E959CA8E4 /* HelloWorldApp.app */,
			);
			name = Products;
			sourceTree = "<group>";
		};
		4903DFE82568EBAAE0085088 = {
			isa = PBXGroup;
			children = (
				60008E75C10468058C6CFB6B /* www */,
				FC05337FB123A09EE7617B17 /* Packages */,
				8AAD4BE10B84A73F9CA229E5 /* Sources */,
				009ABA45E36D902AE882EA53 /* Products */,
			);
			sourceTree = "<group>";
		};
		8AAD4BE10B84A73F9CA229E5 /* Sources */ = {
			isa = PBXGroup;
			children = (
				1BDA60158ED02D21601286C9 /* HelloWorldApp.swift */,
				3AF8817E5275920A74C5CB61 /* HelloWorldRootView.swift */,
				26EBA225F4EC19981F7C3893 /* HelloWorldServer.swift */,
			);
			path = Sources;
			sourceTree = "<group>";
		};
		FC05337FB123A09EE7617B17 /* Packages */ = {
			isa = PBXGroup;
			children = (
				956416AE7E3A25D3212570F2 /* SwiftCoreWeb */,
			);
			name = Packages;
			sourceTree = "<group>";
		};
/* End PBXGroup section */

/* Begin PBXNativeTarget section */
		E11D51ABFDCEAF4BC6090480 /* HelloWorldApp */ = {
			isa = PBXNativeTarget;
			buildConfigurationList = 045B0B315C13B75B6C9EC5AB /* Build configuration list for PBXNativeTarget "HelloWorldApp" */;
			buildPhases = (
				721CA34F46434289743797AA /* Sources */,
				9FE47C5C0A4320500F2A27CA /* Resources */,
				16A0A774DFC5BF333A11CA92 /* Frameworks */,
			);
			buildRules = (
			);
			dependencies = (
			);
			name = HelloWorldApp;
			packageProductDependencies = (
				B5D16D529B7737532A79329C /* SwiftCoreWeb */,
				67BF1BD377C0EC253FB16CE5 /* SwiftCoreWebDashboard */,
			);
			productName = HelloWorldApp;
			productReference = 2C3722B1F864A52E959CA8E4 /* HelloWorldApp.app */;
			productType = "com.apple.product-type.application";
		};
/* End PBXNativeTarget section */

/* Begin PBXProject section */
		81571C7C53D5B90F39E7123F /* Project object */ = {
			isa = PBXProject;
			attributes = {
				BuildIndependentTargetsInParallel = YES;
				LastUpgradeCheck = 1430;
				TargetAttributes = {
				};
			};
			buildConfigurationList = 778F92EEBB0D5215FEA0C2D1 /* Build configuration list for PBXProject "HelloWorldApp" */;
			developmentRegion = en;
			hasScannedForEncodings = 0;
			knownRegions = (
				Base,
				en,
			);
			mainGroup = 4903DFE82568EBAAE0085088;
			minimizedProjectReferenceProxies = 1;
			packageReferences = (
				FE6B50203AB2E03FB255CEA9 /* XCLocalSwiftPackageReference "../.." */,
			);
			preferredProjectObjectVersion = 77;
			productRefGroup = 009ABA45E36D902AE882EA53 /* Products */;
			projectDirPath = "";
			projectRoot = "";
			targets = (
				E11D51ABFDCEAF4BC6090480 /* HelloWorldApp */,
			);
		};
/* End PBXProject section */

/* Begin PBXResourcesBuildPhase section */
		9FE47C5C0A4320500F2A27CA /* Resources */ = {
			isa = PBXResourcesBuildPhase;
			buildActionMask = 2147483647;
			files = (
				F2BE53891EF1F7FE4A355959 /* www in Resources */,
			);
			runOnlyForDeploymentPostprocessing = 0;
		};
/* End PBXResourcesBuildPhase section */

/* Begin PBXSourcesBuildPhase section */
		721CA34F46434289743797AA /* Sources */ = {
			isa = PBXSourcesBuildPhase;
			buildActionMask = 2147483647;
			files = (
				738380D9F968414DE0200313 /* HelloWorldApp.swift in Sources */,
				C9FA5B7BFDCD312EAE5F8907 /* HelloWorldRootView.swift in Sources */,
				7A49C8EA1715876707D13B6B /* HelloWorldServer.swift in Sources */,
			);
			runOnlyForDeploymentPostprocessing = 0;
		};
/* End PBXSourcesBuildPhase section */

/* Begin XCBuildConfiguration section */
		4C18EA58E441CF24A7516AAE /* Release */ = {
			isa = XCBuildConfiguration;
			buildSettings = {
				ALWAYS_SEARCH_USER_PATHS = NO;
				CLANG_ANALYZER_NONNULL = YES;
				CLANG_ANALYZER_NUMBER_OBJECT_CONVERSION = YES_AGGRESSIVE;
				CLANG_CXX_LANGUAGE_STANDARD = "gnu++14";
				CLANG_CXX_LIBRARY = "libc++";
				CLANG_ENABLE_MODULES = YES;
				CLANG_ENABLE_OBJC_ARC = YES;
				CLANG_ENABLE_OBJC_WEAK = YES;
				CLANG_WARN_BLOCK_CAPTURE_AUTORELEASING = YES;
				CLANG_WARN_BOOL_CONVERSION = YES;
				CLANG_WARN_COMMA = YES;
				CLANG_WARN_CONSTANT_CONVERSION = YES;
				CLANG_WARN_DEPRECATED_OBJC_IMPLEMENTATIONS = YES;
				CLANG_WARN_DIRECT_OBJC_ISA_USAGE = YES_ERROR;
				CLANG_WARN_DOCUMENTATION_COMMENTS = YES;
				CLANG_WARN_EMPTY_BODY = YES;
				CLANG_WARN_ENUM_CONVERSION = YES;
				CLANG_WARN_INFINITE_RECURSION = YES;
				CLANG_WARN_INT_CONVERSION = YES;
				CLANG_WARN_NON_LITERAL_NULL_CONVERSION = YES;
				CLANG_WARN_OBJC_IMPLICIT_RETAIN_SELF = YES;
				CLANG_WARN_OBJC_LITERAL_CONVERSION = YES;
				CLANG_WARN_OBJC_ROOT_CLASS = YES_ERROR;
				CLANG_WARN_QUOTED_INCLUDE_IN_FRAMEWORK_HEADER = YES;
				CLANG_WARN_RANGE_LOOP_ANALYSIS = YES;
				CLANG_WARN_STRICT_PROTOTYPES = YES;
				CLANG_WARN_SUSPICIOUS_MOVE = YES;
				CLANG_WARN_UNGUARDED_AVAILABILITY = YES_AGGRESSIVE;
				CLANG_WARN_UNREACHABLE_CODE = YES;
				CLANG_WARN__DUPLICATE_METHOD_MATCH = YES;
				COPY_PHASE_STRIP = NO;
				DEBUG_INFORMATION_FORMAT = "dwarf-with-dsym";
				ENABLE_NS_ASSERTIONS = NO;
				ENABLE_STRICT_OBJC_MSGSEND = YES;
				GCC_C_LANGUAGE_STANDARD = gnu11;
				GCC_NO_COMMON_BLOCKS = YES;
				GCC_WARN_64_TO_32_BIT_CONVERSION = YES;
				GCC_WARN_ABOUT_RETURN_TYPE = YES_ERROR;
				GCC_WARN_UNDECLARED_SELECTOR = YES;
				GCC_WARN_UNINITIALIZED_AUTOS = YES_AGGRESSIVE;
				GCC_WARN_UNUSED_FUNCTION = YES;
				GCC_WARN_UNUSED_VARIABLE = YES;
				IPHONEOS_DEPLOYMENT_TARGET = 15.0;
				MTL_ENABLE_DEBUG_INFO = NO;
				MTL_FAST_MATH = YES;
				PRODUCT_NAME = "$(TARGET_NAME)";
				SDKROOT = iphoneos;
				SWIFT_COMPILATION_MODE = wholemodule;
				SWIFT_OPTIMIZATION_LEVEL = "-O";
				SWIFT_VERSION = 5.0;
			};
			name = Release;
		};
		555881C45F33E285BC115100 /* Debug */ = {
			isa = XCBuildConfiguration;
			buildSettings = {
				ALWAYS_SEARCH_USER_PATHS = NO;
				CLANG_ANALYZER_NONNULL = YES;
				CLANG_ANALYZER_NUMBER_OBJECT_CONVERSION = YES_AGGRESSIVE;
				CLANG_CXX_LANGUAGE_STANDARD = "gnu++14";
				CLANG_CXX_LIBRARY = "libc++";
				CLANG_ENABLE_MODULES = YES;
				CLANG_ENABLE_OBJC_ARC = YES;
				CLANG_ENABLE_OBJC_WEAK = YES;
				CLANG_WARN_BLOCK_CAPTURE_AUTORELEASING = YES;
				CLANG_WARN_BOOL_CONVERSION = YES;
				CLANG_WARN_COMMA = YES;
				CLANG_WARN_CONSTANT_CONVERSION = YES;
				CLANG_WARN_DEPRECATED_OBJC_IMPLEMENTATIONS = YES;
				CLANG_WARN_DIRECT_OBJC_ISA_USAGE = YES_ERROR;
				CLANG_WARN_DOCUMENTATION_COMMENTS = YES;
				CLANG_WARN_EMPTY_BODY = YES;
				CLANG_WARN_ENUM_CONVERSION = YES;
				CLANG_WARN_INFINITE_RECURSION = YES;
				CLANG_WARN_INT_CONVERSION = YES;
				CLANG_WARN_NON_LITERAL_NULL_CONVERSION = YES;
				CLANG_WARN_OBJC_IMPLICIT_RETAIN_SELF = YES;
				CLANG_WARN_OBJC_LITERAL_CONVERSION = YES;
				CLANG_WARN_OBJC_ROOT_CLASS = YES_ERROR;
				CLANG_WARN_QUOTED_INCLUDE_IN_FRAMEWORK_HEADER = YES;
				CLANG_WARN_RANGE_LOOP_ANALYSIS = YES;
				CLANG_WARN_STRICT_PROTOTYPES = YES;
				CLANG_WARN_SUSPICIOUS_MOVE = YES;
				CLANG_WARN_UNGUARDED_AVAILABILITY = YES_AGGRESSIVE;
				CLANG_WARN_UNREACHABLE_CODE = YES;
				CLANG_WARN__DUPLICATE_METHOD_MATCH = YES;
				COPY_PHASE_STRIP = NO;
				DEBUG_INFORMATION_FORMAT = dwarf;
				ENABLE_STRICT_OBJC_MSGSEND = YES;
				ENABLE_TESTABILITY = YES;
				GCC_C_LANGUAGE_STANDARD = gnu11;
				GCC_DYNAMIC_NO_PIC = NO;
				GCC_NO_COMMON_BLOCKS = YES;
				GCC_OPTIMIZATION_LEVEL = 0;
				GCC_PREPROCESSOR_DEFINITIONS = (
					"$(inherited)",
					"DEBUG=1",
				);
				GCC_WARN_64_TO_32_BIT_CONVERSION = YES;
				GCC_WARN_ABOUT_RETURN_TYPE = YES_ERROR;
				GCC_WARN_UNDECLARED_SELECTOR = YES;
				GCC_WARN_UNINITIALIZED_AUTOS = YES_AGGRESSIVE;
				GCC_WARN_UNUSED_FUNCTION = YES;
				GCC_WARN_UNUSED_VARIABLE = YES;
				IPHONEOS_DEPLOYMENT_TARGET = 15.0;
				MTL_ENABLE_DEBUG_INFO = INCLUDE_SOURCE;
				MTL_FAST_MATH = YES;
				ONLY_ACTIVE_ARCH = YES;
				PRODUCT_NAME = "$(TARGET_NAME)";
				SDKROOT = iphoneos;
				SWIFT_ACTIVE_COMPILATION_CONDITIONS = DEBUG;
				SWIFT_OPTIMIZATION_LEVEL = "-Onone";
				SWIFT_VERSION = 5.0;
			};
			name = Debug;
		};
		589A98B6791C9E73FEA8505C /* Release */ = {
			isa = XCBuildConfiguration;
			buildSettings = {
				ASSETCATALOG_COMPILER_APPICON_NAME = AppIcon;
				CODE_SIGN_IDENTITY = "iPhone Developer";
				INFOPLIST_FILE = Info.plist;
				LD_RUNPATH_SEARCH_PATHS = (
					"$(inherited)",
					"@executable_path/Frameworks",
				);
				PRODUCT_BUNDLE_IDENTIFIER = com.swiftcoreweb.showcase.helloworld;
				SDKROOT = iphoneos;
				SWIFT_VERSION = 6.0;
				TARGETED_DEVICE_FAMILY = "1,2";
			};
			name = Release;
		};
		B828A623B0BCBC3A24F289D9 /* Debug */ = {
			isa = XCBuildConfiguration;
			buildSettings = {
				ASSETCATALOG_COMPILER_APPICON_NAME = AppIcon;
				CODE_SIGN_IDENTITY = "iPhone Developer";
				INFOPLIST_FILE = Info.plist;
				LD_RUNPATH_SEARCH_PATHS = (
					"$(inherited)",
					"@executable_path/Frameworks",
				);
				PRODUCT_BUNDLE_IDENTIFIER = com.swiftcoreweb.showcase.helloworld;
				SDKROOT = iphoneos;
				SWIFT_VERSION = 6.0;
				TARGETED_DEVICE_FAMILY = "1,2";
			};
			name = Debug;
		};
/* End XCBuildConfiguration section */

/* Begin XCConfigurationList section */
		045B0B315C13B75B6C9EC5AB /* Build configuration list for PBXNativeTarget "HelloWorldApp" */ = {
			isa = XCConfigurationList;
			buildConfigurations = (
				B828A623B0BCBC3A24F289D9 /* Debug */,
				589A98B6791C9E73FEA8505C /* Release */,
			);
			defaultConfigurationIsVisible = 0;
			defaultConfigurationName = Debug;
		};
		778F92EEBB0D5215FEA0C2D1 /* Build configuration list for PBXProject "HelloWorldApp" */ = {
			isa = XCConfigurationList;
			buildConfigurations = (
				555881C45F33E285BC115100 /* Debug */,
				4C18EA58E441CF24A7516AAE /* Release */,
			);
			defaultConfigurationIsVisible = 0;
			defaultConfigurationName = Debug;
		};
/* End XCConfigurationList section */

/* Begin XCLocalSwiftPackageReference section */
		FE6B50203AB2E03FB255CEA9 /* XCLocalSwiftPackageReference "../.." */ = {
			isa = XCLocalSwiftPackageReference;
			relativePath = ../..;
		};
/* End XCLocalSwiftPackageReference section */

/* Begin XCSwiftPackageProductDependency section */
		67BF1BD377C0EC253FB16CE5 /* SwiftCoreWebDashboard */ = {
			isa = XCSwiftPackageProductDependency;
			productName = SwiftCoreWebDashboard;
		};
		B5D16D529B7737532A79329C /* SwiftCoreWeb */ = {
			isa = XCSwiftPackageProductDependency;
			productName = SwiftCoreWeb;
		};
/* End XCSwiftPackageProductDependency section */
	};
	rootObject = 81571C7C53D5B90F39E7123F /* Project object */;
}
